
Microsoft Visual Studio Solution File, Format Version 12.00
# Visual Studio 14
VisualStudioVersion = 14.0.23107.0
MinimumVisualStudioVersion = 10.0.40219.1
Project("{FAE04EC0-301F-11D3-BF4B-00C04F79EFBC}") = "Knapsack", "Knapsack\Knapsack.csproj", "{DD92C5A4-6EA8-46C8-BD11-9CF92600B626}"
EndProject
Project("{FAE04EC0-301F-11D3-BF4B-00C04F79EFBC}") = "MinimumEditDistance", "MinimumEditDistance\MinimumEditDistance.csproj", "{C1E12D52-4DBE-49DE-AA87-BCE1CF94E752}"
EndProject
Global
	GlobalSection(SolutionConfigurationPlatforms) = preSolution
		Debug|Any CPU = Debug|Any CPU
		Release|Any CPU = Release|Any CPU
	EndGlobalSection
	GlobalSection(ProjectConfigurationPlatforms) = postSolution
		{DD92C5A4-6EA8-46C8-BD11-9CF92600B626}.Debug|Any CPU.ActiveCfg = Debug|Any CPU
		{DD92C5A4-6EA8-46C8-BD11-9CF92600B626}.Debug|Any CPU.Build.0 = Debug|Any CPU
		{DD92C5A4-6EA8-46C8-BD11-9CF92600B626}.Release|Any CPU.ActiveCfg = Release|Any CPU
		{DD92C5A4-6EA8-46C8-BD11-9CF92600B626}.Release|Any CPU.Build.0 = Release|Any CPU
		{C1E12D52-4DBE-49DE-AA87-BCE1CF94E752}.Debug|Any CPU.ActiveCfg = Debug|Any CPU
		{C1E12D52-4DBE-49DE-AA87-BCE1CF94E752}.Debug|Any CPU.Build.0 = Debug|Any CPU
		{C1E12D52-4DBE-49DE-AA87-BCE1CF94E752}.Release|Any CPU.ActiveCfg = Release|Any CPU
		{C1E12D52-4DBE-49DE-AA87-BCE1CF94E752}.Release|Any CPU.Build.0 = Release|Any CPU
	EndGlobalSection
	GlobalSection(SolutionProperties) = preSolution
		HideSolutionNode = FALSE
	EndGlobalSection
EndGlobal
