
Microsoft Visual Studio Solution File, Format Version 12.00
# Visual Studio 2012
Project("{FAE04EC0-301F-11D3-BF4B-00C04F79EFBC}") = "01.SortedDictionary", "SortedDictionary\01.SortedDictionary.csproj", "{9352FFAD-370F-4810-B1B7-BD17ADF87926}"
EndProject
Project("{FAE04EC0-301F-11D3-BF4B-00C04F79EFBC}") = "02.OrderedMultidictionary", "OrderedMultidictionary\02.OrderedMultidictionary.csproj", "{170272D1-E14C-4B3B-BE42-4714B5F70B04}"
EndProject
Project("{FAE04EC0-301F-11D3-BF4B-00C04F79EFBC}") = "Helpers", "Helpers\Helpers.csproj", "{30A4BD0F-873F-461C-9083-2F40FFD67D9F}"
EndProject
Project("{FAE04EC0-301F-11D3-BF4B-00C04F79EFBC}") = "03.BiDictionary", "BiDictionary\03.BiDictionary.csproj", "{5CEDC780-B56E-47E8-9543-267B57C515C8}"
EndProject
Global
	GlobalSection(SolutionConfigurationPlatforms) = preSolution
		Debug|Any CPU = Debug|Any CPU
		Release|Any CPU = Release|Any CPU
	EndGlobalSection
	GlobalSection(ProjectConfigurationPlatforms) = postSolution
		{9352FFAD-370F-4810-B1B7-BD17ADF87926}.Debug|Any CPU.ActiveCfg = Debug|Any CPU
		{9352FFAD-370F-4810-B1B7-BD17ADF87926}.Debug|Any CPU.Build.0 = Debug|Any CPU
		{9352FFAD-370F-4810-B1B7-BD17ADF87926}.Release|Any CPU.ActiveCfg = Release|Any CPU
		{9352FFAD-370F-4810-B1B7-BD17ADF87926}.Release|Any CPU.Build.0 = Release|Any CPU
		{170272D1-E14C-4B3B-BE42-4714B5F70B04}.Debug|Any CPU.ActiveCfg = Debug|Any CPU
		{170272D1-E14C-4B3B-BE42-4714B5F70B04}.Debug|Any CPU.Build.0 = Debug|Any CPU
		{170272D1-E14C-4B3B-BE42-4714B5F70B04}.Release|Any CPU.ActiveCfg = Release|Any CPU
		{170272D1-E14C-4B3B-BE42-4714B5F70B04}.Release|Any CPU.Build.0 = Release|Any CPU
		{30A4BD0F-873F-461C-9083-2F40FFD67D9F}.Debug|Any CPU.ActiveCfg = Debug|Any CPU
		{30A4BD0F-873F-461C-9083-2F40FFD67D9F}.Debug|Any CPU.Build.0 = Debug|Any CPU
		{30A4BD0F-873F-461C-9083-2F40FFD67D9F}.Release|Any CPU.ActiveCfg = Release|Any CPU
		{30A4BD0F-873F-461C-9083-2F40FFD67D9F}.Release|Any CPU.Build.0 = Release|Any CPU
		{5CEDC780-B56E-47E8-9543-267B57C515C8}.Debug|Any CPU.ActiveCfg = Debug|Any CPU
		{5CEDC780-B56E-47E8-9543-267B57C515C8}.Debug|Any CPU.Build.0 = Debug|Any CPU
		{5CEDC780-B56E-47E8-9543-267B57C515C8}.Release|Any CPU.ActiveCfg = Release|Any CPU
		{5CEDC780-B56E-47E8-9543-267B57C515C8}.Release|Any CPU.Build.0 = Release|Any CPU
	EndGlobalSection
	GlobalSection(SolutionProperties) = preSolution
		HideSolutionNode = FALSE
	EndGlobalSection
EndGlobal
