
Microsoft Visual Studio Solution File, Format Version 12.00
# Visual Studio 2013
VisualStudioVersion = 12.0.31101.0
MinimumVisualStudioVersion = 10.0.40219.1
Project("{FAE04EC0-301F-11D3-BF4B-00C04F79EFBC}") = "Jedi Meditation", "Jedi Meditation\Jedi Meditation.csproj", "{4D6E6C53-8261-48FF-B955-72D37E247DDA}"
EndProject
Global
	GlobalSection(SolutionConfigurationPlatforms) = preSolution
		Debug|Any CPU = Debug|Any CPU
		Release|Any CPU = Release|Any CPU
	EndGlobalSection
	GlobalSection(ProjectConfigurationPlatforms) = postSolution
		{4D6E6C53-8261-48FF-B955-72D37E247DDA}.Debug|Any CPU.ActiveCfg = Debug|Any CPU
		{4D6E6C53-8261-48FF-B955-72D37E247DDA}.Debug|Any CPU.Build.0 = Debug|Any CPU
		{4D6E6C53-8261-48FF-B955-72D37E247DDA}.Release|Any CPU.ActiveCfg = Release|Any CPU
		{4D6E6C53-8261-48FF-B955-72D37E247DDA}.Release|Any CPU.Build.0 = Release|Any CPU
	EndGlobalSection
	GlobalSection(SolutionProperties) = preSolution
		HideSolutionNode = FALSE
	EndGlobalSection
EndGlobal
