
Microsoft Visual Studio Solution File, Format Version 12.00
# Visual Studio 2012
Project("{FAE04EC0-301F-11D3-BF4B-00C04F79EFBC}") = "01.OccurencesCounter", "OccurencesCounter\01.OccurencesCounter.csproj", "{EFC5901E-F59F-4FAD-9D85-4BB6B51CAE35}"
EndProject
Project("{FAE04EC0-301F-11D3-BF4B-00C04F79EFBC}") = "Services", "Services\Services.csproj", "{08261C9A-A9CF-4A4F-9DDD-D87E1C78BC08}"
EndProject
Project("{FAE04EC0-301F-11D3-BF4B-00C04F79EFBC}") = "02.OddNumberOccurencesExtractor", "OddNumberOccurencesExtractor\02.OddNumberOccurencesExtractor.csproj", "{072BFC31-215B-4459-9F47-9579AFBD4258}"
EndProject
Project("{FAE04EC0-301F-11D3-BF4B-00C04F79EFBC}") = "03.CountWords", "CountWords\03.CountWords.csproj", "{F0DDB023-E14C-45A4-987A-4924D4A5E577}"
EndProject
Project("{FAE04EC0-301F-11D3-BF4B-00C04F79EFBC}") = "HashTable", "HashTable\HashTable.csproj", "{7561E457-683C-42EB-9CDD-C5683727A802}"
EndProject
Global
	GlobalSection(SolutionConfigurationPlatforms) = preSolution
		Debug|Any CPU = Debug|Any CPU
		Release|Any CPU = Release|Any CPU
	EndGlobalSection
	GlobalSection(ProjectConfigurationPlatforms) = postSolution
		{EFC5901E-F59F-4FAD-9D85-4BB6B51CAE35}.Debug|Any CPU.ActiveCfg = Debug|Any CPU
		{EFC5901E-F59F-4FAD-9D85-4BB6B51CAE35}.Debug|Any CPU.Build.0 = Debug|Any CPU
		{EFC5901E-F59F-4FAD-9D85-4BB6B51CAE35}.Release|Any CPU.ActiveCfg = Release|Any CPU
		{EFC5901E-F59F-4FAD-9D85-4BB6B51CAE35}.Release|Any CPU.Build.0 = Release|Any CPU
		{08261C9A-A9CF-4A4F-9DDD-D87E1C78BC08}.Debug|Any CPU.ActiveCfg = Debug|Any CPU
		{08261C9A-A9CF-4A4F-9DDD-D87E1C78BC08}.Debug|Any CPU.Build.0 = Debug|Any CPU
		{08261C9A-A9CF-4A4F-9DDD-D87E1C78BC08}.Release|Any CPU.ActiveCfg = Release|Any CPU
		{08261C9A-A9CF-4A4F-9DDD-D87E1C78BC08}.Release|Any CPU.Build.0 = Release|Any CPU
		{072BFC31-215B-4459-9F47-9579AFBD4258}.Debug|Any CPU.ActiveCfg = Debug|Any CPU
		{072BFC31-215B-4459-9F47-9579AFBD4258}.Debug|Any CPU.Build.0 = Debug|Any CPU
		{072BFC31-215B-4459-9F47-9579AFBD4258}.Release|Any CPU.ActiveCfg = Release|Any CPU
		{072BFC31-215B-4459-9F47-9579AFBD4258}.Release|Any CPU.Build.0 = Release|Any CPU
		{F0DDB023-E14C-45A4-987A-4924D4A5E577}.Debug|Any CPU.ActiveCfg = Debug|Any CPU
		{F0DDB023-E14C-45A4-987A-4924D4A5E577}.Debug|Any CPU.Build.0 = Debug|Any CPU
		{F0DDB023-E14C-45A4-987A-4924D4A5E577}.Release|Any CPU.ActiveCfg = Release|Any CPU
		{F0DDB023-E14C-45A4-987A-4924D4A5E577}.Release|Any CPU.Build.0 = Release|Any CPU
		{7561E457-683C-42EB-9CDD-C5683727A802}.Debug|Any CPU.ActiveCfg = Debug|Any CPU
		{7561E457-683C-42EB-9CDD-C5683727A802}.Debug|Any CPU.Build.0 = Debug|Any CPU
		{7561E457-683C-42EB-9CDD-C5683727A802}.Release|Any CPU.ActiveCfg = Release|Any CPU
		{7561E457-683C-42EB-9CDD-C5683727A802}.Release|Any CPU.Build.0 = Release|Any CPU
	EndGlobalSection
	GlobalSection(SolutionProperties) = preSolution
		HideSolutionNode = FALSE
	EndGlobalSection
EndGlobal
