
Microsoft Visual Studio Solution File, Format Version 12.00
# Visual Studio 2013
VisualStudioVersion = 12.0.31101.0
MinimumVisualStudioVersion = 10.0.40219.1
Project("{FAE04EC0-301F-11D3-BF4B-00C04F79EFBC}") = "01.PriorityQueue", "PriorityQueue\01.PriorityQueue.csproj", "{49B0E8A8-0E9A-4957-9F12-FD73611D9664}"
EndProject
Project("{FAE04EC0-301F-11D3-BF4B-00C04F79EFBC}") = "02.OrderedBag", "OrderedBag\02.OrderedBag.csproj", "{9B2DEA47-BE63-45DC-BBBE-7E452FD8554C}"
EndProject
Project("{FAE04EC0-301F-11D3-BF4B-00C04F79EFBC}") = "03.PrefixTrie", "PrefixTrie\03.PrefixTrie.csproj", "{FC20421E-4587-488A-ADAE-85163B1F5C14}"
EndProject
Global
	GlobalSection(SolutionConfigurationPlatforms) = preSolution
		Debug|Any CPU = Debug|Any CPU
		Release|Any CPU = Release|Any CPU
	EndGlobalSection
	GlobalSection(ProjectConfigurationPlatforms) = postSolution
		{49B0E8A8-0E9A-4957-9F12-FD73611D9664}.Debug|Any CPU.ActiveCfg = Debug|Any CPU
		{49B0E8A8-0E9A-4957-9F12-FD73611D9664}.Debug|Any CPU.Build.0 = Debug|Any CPU
		{49B0E8A8-0E9A-4957-9F12-FD73611D9664}.Release|Any CPU.ActiveCfg = Release|Any CPU
		{49B0E8A8-0E9A-4957-9F12-FD73611D9664}.Release|Any CPU.Build.0 = Release|Any CPU
		{9B2DEA47-BE63-45DC-BBBE-7E452FD8554C}.Debug|Any CPU.ActiveCfg = Debug|Any CPU
		{9B2DEA47-BE63-45DC-BBBE-7E452FD8554C}.Debug|Any CPU.Build.0 = Debug|Any CPU
		{9B2DEA47-BE63-45DC-BBBE-7E452FD8554C}.Release|Any CPU.ActiveCfg = Release|Any CPU
		{9B2DEA47-BE63-45DC-BBBE-7E452FD8554C}.Release|Any CPU.Build.0 = Release|Any CPU
		{FC20421E-4587-488A-ADAE-85163B1F5C14}.Debug|Any CPU.ActiveCfg = Debug|Any CPU
		{FC20421E-4587-488A-ADAE-85163B1F5C14}.Debug|Any CPU.Build.0 = Debug|Any CPU
		{FC20421E-4587-488A-ADAE-85163B1F5C14}.Release|Any CPU.ActiveCfg = Release|Any CPU
		{FC20421E-4587-488A-ADAE-85163B1F5C14}.Release|Any CPU.Build.0 = Release|Any CPU
	EndGlobalSection
	GlobalSection(SolutionProperties) = preSolution
		HideSolutionNode = FALSE
	EndGlobalSection
EndGlobal
