
Microsoft Visual Studio Solution File, Format Version 12.00
# Visual Studio 2013
VisualStudioVersion = 12.0.31101.0
MinimumVisualStudioVersion = 10.0.40219.1
Project("{FAE04EC0-301F-11D3-BF4B-00C04F79EFBC}") = "BinaryPasswords", "BinaryPasswords\BinaryPasswords.csproj", "{E58EE7B2-D2C9-49DA-8464-2F7C0D122A86}"
EndProject
Project("{FAE04EC0-301F-11D3-BF4B-00C04F79EFBC}") = "Rabbits", "Rabbits\Rabbits.csproj", "{DD9A059B-898A-4036-9AD6-131CDED176A7}"
EndProject
Project("{FAE04EC0-301F-11D3-BF4B-00C04F79EFBC}") = "Marbles", "Marbles\Marbles.csproj", "{D983D428-93CF-4BEC-A253-CD0EEC685734}"
EndProject
Project("{FAE04EC0-301F-11D3-BF4B-00C04F79EFBC}") = "ZigZag", "ZigZag\ZigZag.csproj", "{E2E11ED2-2B34-4443-9C96-EBB19BB19E4E}"
EndProject
Global
	GlobalSection(SolutionConfigurationPlatforms) = preSolution
		Debug|Any CPU = Debug|Any CPU
		Release|Any CPU = Release|Any CPU
	EndGlobalSection
	GlobalSection(ProjectConfigurationPlatforms) = postSolution
		{E58EE7B2-D2C9-49DA-8464-2F7C0D122A86}.Debug|Any CPU.ActiveCfg = Debug|Any CPU
		{E58EE7B2-D2C9-49DA-8464-2F7C0D122A86}.Debug|Any CPU.Build.0 = Debug|Any CPU
		{E58EE7B2-D2C9-49DA-8464-2F7C0D122A86}.Release|Any CPU.ActiveCfg = Release|Any CPU
		{E58EE7B2-D2C9-49DA-8464-2F7C0D122A86}.Release|Any CPU.Build.0 = Release|Any CPU
		{DD9A059B-898A-4036-9AD6-131CDED176A7}.Debug|Any CPU.ActiveCfg = Debug|Any CPU
		{DD9A059B-898A-4036-9AD6-131CDED176A7}.Debug|Any CPU.Build.0 = Debug|Any CPU
		{DD9A059B-898A-4036-9AD6-131CDED176A7}.Release|Any CPU.ActiveCfg = Release|Any CPU
		{DD9A059B-898A-4036-9AD6-131CDED176A7}.Release|Any CPU.Build.0 = Release|Any CPU
		{D983D428-93CF-4BEC-A253-CD0EEC685734}.Debug|Any CPU.ActiveCfg = Debug|Any CPU
		{D983D428-93CF-4BEC-A253-CD0EEC685734}.Debug|Any CPU.Build.0 = Debug|Any CPU
		{D983D428-93CF-4BEC-A253-CD0EEC685734}.Release|Any CPU.ActiveCfg = Release|Any CPU
		{D983D428-93CF-4BEC-A253-CD0EEC685734}.Release|Any CPU.Build.0 = Release|Any CPU
		{E2E11ED2-2B34-4443-9C96-EBB19BB19E4E}.Debug|Any CPU.ActiveCfg = Debug|Any CPU
		{E2E11ED2-2B34-4443-9C96-EBB19BB19E4E}.Debug|Any CPU.Build.0 = Debug|Any CPU
		{E2E11ED2-2B34-4443-9C96-EBB19BB19E4E}.Release|Any CPU.ActiveCfg = Release|Any CPU
		{E2E11ED2-2B34-4443-9C96-EBB19BB19E4E}.Release|Any CPU.Build.0 = Release|Any CPU
	EndGlobalSection
	GlobalSection(SolutionProperties) = preSolution
		HideSolutionNode = FALSE
	EndGlobalSection
EndGlobal
